
Microsoft Visual Studio Solution File, Format Version 12.00
# Visual Studio Version 17
VisualStudioVersion = 17.9.34714.143
MinimumVisualStudioVersion = 10.0.40219.1
Project("{FAE04EC0-301F-11D3-BF4B-00C04F79EFBC}") = "MoviMania", "MoviMania\MoviMania.csproj", "{93A63594-BC70-4BAA-9409-9004915E683F}"
EndProject
Global
	GlobalSection(SolutionConfigurationPlatforms) = preSolution
		Debug|Any CPU = Debug|Any CPU
		Release|Any CPU = Release|Any CPU
	EndGlobalSection
	GlobalSection(ProjectConfigurationPlatforms) = postSolution
		{93A63594-BC70-4BAA-9409-9004915E683F}.Debug|Any CPU.ActiveCfg = Debug|Any CPU
		{93A63594-BC70-4BAA-9409-9004915E683F}.Debug|Any CPU.Build.0 = Debug|Any CPU
		{93A63594-BC70-4BAA-9409-9004915E683F}.Release|Any CPU.ActiveCfg = Release|Any CPU
		{93A63594-BC70-4BAA-9409-9004915E683F}.Release|Any CPU.Build.0 = Release|Any CPU
	EndGlobalSection
	GlobalSection(SolutionProperties) = preSolution
		HideSolutionNode = FALSE
	EndGlobalSection
	GlobalSection(ExtensibilityGlobals) = postSolution
		SolutionGuid = {CFFA4CF8-3AC8-4B1E-BDB3-B722DA3B383B}
	EndGlobalSection
EndGlobal
